
Microsoft Visual Studio Solution File, Format Version 12.00
# Visual Studio 14
VisualStudioVersion = 14.0.25420.1
MinimumVisualStudioVersion = 10.0.40219.1
Project("{FAE04EC0-301F-11D3-BF4B-00C04F79EFBC}") = "QuanLyDienThoai", "QuanLyDienThoai\QuanLyDienThoai.csproj", "{428B56A1-3C8E-474A-BE22-BD61E7B1F099}"
EndProject
Project("{FAE04EC0-301F-11D3-BF4B-00C04F79EFBC}") = "QuanLyCuocDienThoai", "QuanLyCuocDienThoai-WebForm\QuanLyCuocDienThoai\QuanLyCuocDienThoai.csproj", "{4AACA1A2-3359-4BC8-BF57-E554D21B5F07}"
EndProject
Project("{FAE04EC0-301F-11D3-BF4B-00C04F79EFBC}") = "QuanLyDienThoaiEntity", "QuanLyDienThoaiEntity\QuanLyDienThoaiEntity.csproj", "{4697681E-E51B-4BD4-AA86-C6181EF2FC4E}"
EndProject
Global
	GlobalSection(SolutionConfigurationPlatforms) = preSolution
		Debug|Any CPU = Debug|Any CPU
		Release|Any CPU = Release|Any CPU
	EndGlobalSection
	GlobalSection(ProjectConfigurationPlatforms) = postSolution
		{428B56A1-3C8E-474A-BE22-BD61E7B1F099}.Debug|Any CPU.ActiveCfg = Debug|Any CPU
		{428B56A1-3C8E-474A-BE22-BD61E7B1F099}.Debug|Any CPU.Build.0 = Debug|Any CPU
		{428B56A1-3C8E-474A-BE22-BD61E7B1F099}.Release|Any CPU.ActiveCfg = Release|Any CPU
		{428B56A1-3C8E-474A-BE22-BD61E7B1F099}.Release|Any CPU.Build.0 = Release|Any CPU
		{4AACA1A2-3359-4BC8-BF57-E554D21B5F07}.Debug|Any CPU.ActiveCfg = Debug|Any CPU
		{4AACA1A2-3359-4BC8-BF57-E554D21B5F07}.Debug|Any CPU.Build.0 = Debug|Any CPU
		{4AACA1A2-3359-4BC8-BF57-E554D21B5F07}.Release|Any CPU.ActiveCfg = Release|Any CPU
		{4AACA1A2-3359-4BC8-BF57-E554D21B5F07}.Release|Any CPU.Build.0 = Release|Any CPU
		{4697681E-E51B-4BD4-AA86-C6181EF2FC4E}.Debug|Any CPU.ActiveCfg = Debug|Any CPU
		{4697681E-E51B-4BD4-AA86-C6181EF2FC4E}.Debug|Any CPU.Build.0 = Debug|Any CPU
		{4697681E-E51B-4BD4-AA86-C6181EF2FC4E}.Release|Any CPU.ActiveCfg = Release|Any CPU
		{4697681E-E51B-4BD4-AA86-C6181EF2FC4E}.Release|Any CPU.Build.0 = Release|Any CPU
	EndGlobalSection
	GlobalSection(SolutionProperties) = preSolution
		HideSolutionNode = FALSE
	EndGlobalSection
EndGlobal
