
Microsoft Visual Studio Solution File, Format Version 12.00
# Visual Studio 15
VisualStudioVersion = 15.0.28010.2046
MinimumVisualStudioVersion = 10.0.40219.1
Project("{FAE04EC0-301F-11D3-BF4B-00C04F79EFBC}") = "QuanLyCuocDienThoai", "QuanLyCuocDienThoai\QuanLyCuocDienThoai.csproj", "{4AACA1A2-3359-4BC8-BF57-E554D21B5F07}"
EndProject
Global
	GlobalSection(SolutionConfigurationPlatforms) = preSolution
		Debug|Any CPU = Debug|Any CPU
		Release|Any CPU = Release|Any CPU
	EndGlobalSection
	GlobalSection(ProjectConfigurationPlatforms) = postSolution
		{4AACA1A2-3359-4BC8-BF57-E554D21B5F07}.Debug|Any CPU.ActiveCfg = Debug|Any CPU
		{4AACA1A2-3359-4BC8-BF57-E554D21B5F07}.Debug|Any CPU.Build.0 = Debug|Any CPU
		{4AACA1A2-3359-4BC8-BF57-E554D21B5F07}.Release|Any CPU.ActiveCfg = Release|Any CPU
		{4AACA1A2-3359-4BC8-BF57-E554D21B5F07}.Release|Any CPU.Build.0 = Release|Any CPU
	EndGlobalSection
	GlobalSection(SolutionProperties) = preSolution
		HideSolutionNode = FALSE
	EndGlobalSection
	GlobalSection(ExtensibilityGlobals) = postSolution
		SolutionGuid = {41DE08BC-27FC-433C-927C-29862421DCB6}
	EndGlobalSection
EndGlobal
